--- 
dependencies: 
  bson_ext: 
    group: 
    - :default
    version: ">= 0"
  rspec: 
    group: 
    - :default
    version: ">= 2.0.0.beta.8"
  mocha: 
    group: 
    - :default
    version: ">= 0"
  bundler: 
    group: 
    - :default
    version: ">= 0"
  jeweler: 
    group: 
    - :default
    version: ">= 0"
  mongoid: 
    group: 
    - :default
    version: ">= 2.0.0.beta.9"
specs: 
- rake: 
    version: 0.8.7
- activesupport: 
    version: 3.0.0.rc2
- builder: 
    version: 2.1.2
- i18n: 
    version: 0.4.1
- activemodel: 
    version: 3.0.0.rc2
- bson: 
    version: 1.0.7
- bson_ext: 
    version: 1.0.7
- bundler: 
    version: 0.9.26
- diff-lcs: 
    version: 1.1.2
- gemcutter: 
    version: 0.6.1
- git: 
    version: 1.2.5
- json_pure: 
    version: 1.4.6
- rubyforge: 
    version: 2.0.4
- jeweler: 
    version: 1.4.0
- mocha: 
    version: 0.9.8
- mongo: 
    version: 1.0.8
- tzinfo: 
    version: 0.3.23
- will_paginate: 
    version: 3.0.pre2
- mongoid: 
    version: 2.0.0.beta7
- rspec-core: 
    version: 2.0.0.beta.20
- rspec-expectations: 
    version: 2.0.0.beta.20
- rspec-mocks: 
    version: 2.0.0.beta.20
- rspec: 
    version: 2.0.0.beta.20
hash: 6dfab5e2b924a3176f60464404e1350aed0df898
sources: 
- Rubygems: 
    uri: http://gemcutter.org
